
Microsoft Visual Studio Solution File, Format Version 12.00
# Visual Studio Version 16
VisualStudioVersion = 16.0.28803.352
MinimumVisualStudioVersion = 10.0.40219.1
Project("{FAE04EC0-301F-11D3-BF4B-00C04F79EFBC}") = "AulaList", "AulaList\AulaList.csproj", "{1802B858-DC76-4A34-A47D-D66E9F47E9CB}"
EndProject
Global
	GlobalSection(SolutionConfigurationPlatforms) = preSolution
		Debug|Any CPU = Debug|Any CPU
		Release|Any CPU = Release|Any CPU
	EndGlobalSection
	GlobalSection(ProjectConfigurationPlatforms) = postSolution
		{1802B858-DC76-4A34-A47D-D66E9F47E9CB}.Debug|Any CPU.ActiveCfg = Debug|Any CPU
		{1802B858-DC76-4A34-A47D-D66E9F47E9CB}.Debug|Any CPU.Build.0 = Debug|Any CPU
		{1802B858-DC76-4A34-A47D-D66E9F47E9CB}.Release|Any CPU.ActiveCfg = Release|Any CPU
		{1802B858-DC76-4A34-A47D-D66E9F47E9CB}.Release|Any CPU.Build.0 = Release|Any CPU
	EndGlobalSection
	GlobalSection(SolutionProperties) = preSolution
		HideSolutionNode = FALSE
	EndGlobalSection
	GlobalSection(ExtensibilityGlobals) = postSolution
		SolutionGuid = {34533EA8-B428-4458-AE5D-50C96ACC5FC3}
	EndGlobalSection
EndGlobal
